<?xml version="1.0" encoding="utf-8"?>
<Project ToolsVersion="4.0" xmlns="http://schemas.microsoft.com/developer/msbuild/2003">
  <ItemGroup>
    <ClCompile Include="src\Builder\LevelBuilder.cpp" />
    <ClCompile Include="src\Commands\CommandFactory.cpp" />
    <ClCompile Include="src\Commands\DecreaseGameSpeedCommand.cpp" />
    <ClCompile Include="src\Commands\ExitGameCommand.cpp" />
    <ClCompile Include="src\Commands\IncreaseGameSpeedCommand.cpp" />
    <ClCompile Include="src\Commands\LoadLevelCommand.cpp" />
    <ClCompile Include="src\Commands\OpenCreditsViewCommand.cpp" />
    <ClCompile Include="src\Commands\OpenGameOverLevelViewCommand.cpp" />
    <ClCompile Include="src\Commands\OpenHelpViewCommand.cpp" />
    <ClCompile Include="src\Commands\OpenHomeViewCommand.cpp" />
    <ClCompile Include="src\Commands\OpenLevelViewCommand.cpp" />
    <ClCompile Include="src\Commands\OpenPauseLevelViewCommand.cpp" />
    <ClCompile Include="src\Commands\OpenWinLevelViewCommand.cpp" />
    <ClCompile Include="src\Commands\PauseLevelCommand.cpp" />
    <ClCompile Include="src\Commands\PlayerInteractCommand.cpp" />
    <ClCompile Include="src\Commands\PlayerJumpCommand.cpp" />
    <ClCompile Include="src\Commands\PlayerMoveLeftCommand.cpp" />
    <ClCompile Include="src\Commands\PlayerMoveRightCommand.cpp" />
    <ClCompile Include="src\Commands\ToggleFpsViewCommand.cpp" />
    <ClCompile Include="src\Controllers\AudioController.cpp" />
    <ClCompile Include="src\Controllers\HomeController.cpp" />
    <ClCompile Include="src\Controllers\InputController.cpp" />
    <ClCompile Include="src\Controllers\LevelController.cpp" />
    <ClCompile Include="src\Controllers\MainController.cpp" />
    <ClCompile Include="src\Controllers\PhysicsCollisionController.cpp" />
    <ClCompile Include="src\Controllers\WindowController.cpp" />
    <ClCompile Include="src\Enums\AnimateEnum.h" />
    <ClCompile Include="src\Enums\DirectionEnum.h" />
    <ClCompile Include="src\Enums\TypeEnum.h" />
    <ClCompile Include="src\Events\InputEvent.cpp" />
    <ClCompile Include="src\Factory\BackgroundFactory.cpp" />
    <ClCompile Include="src\Factory\InteractableFactory.cpp" />
    <ClCompile Include="src\Factory\ObjectFactory.cpp" />
    <ClCompile Include="src\Factory\UpdatableFactory.cpp" />
    <ClCompile Include="src\Main.cpp" />
    <ClCompile Include="src\Managers\LevelManager.cpp" />
    <ClCompile Include="src\Mediators\CommandMediator.cpp" />
    <ClCompile Include="src\Models\Abstract\Interactable.cpp" />
    <ClCompile Include="src\Models\Abstract\Object.cpp" />
    <ClCompile Include="src\Models\Abstract\Updatable.cpp" />
    <ClCompile Include="src\Models\Button.cpp" />
    <ClCompile Include="src\Models\Buttons\DecreaseGameSpeedButton.cpp" />
    <ClCompile Include="src\Models\Buttons\AdvertisementButton.cpp" />
    <ClCompile Include="src\Models\Buttons\ExitButton.cpp" />
    <ClCompile Include="src\Models\Buttons\IncreaseGameSpeedButton.cpp" />
    <ClCompile Include="src\Models\Buttons\StartButton.cpp" />
    <ClCompile Include="src\Models\Interactable\Car.cpp" />
    <ClCompile Include="src\Models\Interactable\Switch.cpp" />
    <ClCompile Include="src\Models\IObjects\Camera.cpp" />
    <ClCompile Include="src\Models\IObjects\Floor.cpp" />
    <ClCompile Include="src\Models\IObjects\FloorCorner.cpp" />
    <ClCompile Include="src\Models\IObjects\Lamp.cpp" />
    <ClCompile Include="src\Models\IObjects\Wall.cpp" />
    <ClCompile Include="src\Models\Level.cpp" />
    <ClCompile Include="src\Models\Updatables\CameraBeam.cpp" />
    <ClCompile Include="src\Models\Updatables\LightBeam.cpp" />
    <ClCompile Include="src\Models\Updatables\Player.cpp" />
    <ClCompile Include="src\Models\Updatables\Spike.cpp" />
    <ClCompile Include="src\Views\CreditsView.cpp" />
    <ClCompile Include="src\Views\FpsView.cpp" />
    <ClCompile Include="src\Views\GameOverLevelView.cpp" />
    <ClCompile Include="src\Views\GamePlaySpeedView.cpp" />
    <ClCompile Include="src\Views\HelpView.cpp" />
    <ClCompile Include="src\Views\HomeView.cpp" />
    <ClCompile Include="src\Views\HUDView.cpp" />
    <ClCompile Include="src\Views\LevelView.cpp" />
    <ClCompile Include="src\Views\PauseLevelView.cpp" />
    <ClCompile Include="src\Views\View.cpp" />
    <ClCompile Include="src\Views\WinLevelView.cpp" />
    <ClCompile Include="src\Enums\ButtonEnum.cpp" />
  </ItemGroup>
  <ItemGroup>
    <ClInclude Include="src\Builder\LevelBuilder.h" />
    <ClInclude Include="src\Commands\Command.h" />
    <ClInclude Include="src\Commands\CommandFactory.h" />
    <ClInclude Include="src\Commands\DecreaseGameSpeedCommand.h" />
    <ClInclude Include="src\Commands\ExitGameCommand.h" />
    <ClInclude Include="src\Commands\IncreaseGameSpeedCommand.h" />
    <ClInclude Include="src\Commands\LoadLevelCommand.h" />
    <ClInclude Include="src\Commands\OpenCreditsViewCommand.h" />
    <ClInclude Include="src\Commands\OpenGameOverLevelViewCommand.h" />
    <ClInclude Include="src\Commands\OpenHelpViewCommand.h" />
    <ClInclude Include="src\Commands\OpenHomeViewCommand.h" />
    <ClInclude Include="src\Commands\OpenLevelViewCommand.h" />
    <ClInclude Include="src\Commands\OpenPauseLevelViewCommand.h" />
    <ClInclude Include="src\Commands\OpenWinLevelViewCommand.h" />
    <ClInclude Include="src\Commands\PauseLevelCommand.h" />
    <ClInclude Include="src\Commands\PlayerInteractCommand.h" />
    <ClInclude Include="src\Commands\PlayerJumpCommand.h" />
    <ClInclude Include="src\Commands\PlayerMoveLeftCommand.h" />
    <ClInclude Include="src\Commands\PlayerMoveRightCommand.h" />
    <ClInclude Include="src\Commands\ToggleFpsViewCommand.h" />
    <ClInclude Include="src\Controllers\AudioController.h" />
    <ClInclude Include="src\Controllers\HomeController.h" />
    <ClInclude Include="src\Controllers\InputController.h" />
    <ClInclude Include="src\Controllers\LevelController.h" />
    <ClInclude Include="src\Controllers\MainController.h" />
    <ClInclude Include="src\Controllers\PhysicsCollisionController.h" />
    <ClInclude Include="src\Controllers\WindowController.h" />
    <ClInclude Include="src\Enums\LevelStateEnum.h" />
    <ClInclude Include="src\Enums\StateEnum.h" />
    <ClInclude Include="src\Events\InputEvent.h" />
    <ClInclude Include="src\Factory\BackgroundFactory.h" />
    <ClInclude Include="src\Factory\InteractableFactory.h" />
    <ClInclude Include="src\Factory\ObjectFactory.h" />
    <ClInclude Include="src\Factory\UpdatableFactory.h" />
    <ClInclude Include="src\Interfaces\IFactory.h" />
    <ClInclude Include="src\Managers\LevelManager.h" />
    <ClInclude Include="src\Mediators\BaseComponent.h" />
    <ClInclude Include="src\Mediators\CommandMediator.h" />
    <ClInclude Include="src\Models\Abstract\Interactable.h" />
    <ClInclude Include="src\Models\Abstract\Object.h" />
    <ClInclude Include="src\Models\Abstract\Updatable.h" />
    <ClInclude Include="src\Models\Button.h" />
    <ClInclude Include="src\Models\Buttons\DecreaseGameSpeedButton.h" />
    <ClInclude Include="src\Models\Buttons\AdvertisementButton.h" />
    <ClInclude Include="src\Models\Buttons\ExitButton.h" />
    <ClInclude Include="src\Models\Buttons\IncreaseGameSpeedButton.h" />
    <ClInclude Include="src\Models\Buttons\StartButton.h" />
    <ClInclude Include="src\Models\Interactable\Car.h" />
    <ClInclude Include="src\Models\Interactable\Switch.h" />
    <ClInclude Include="src\Models\IObjects\Camera.h" />
    <ClInclude Include="src\Models\IObjects\Floor.h" />
    <ClInclude Include="src\Models\IObjects\FloorCorner.h" />
    <ClInclude Include="src\Models\IObjects\Lamp.h" />
    <ClInclude Include="src\Models\IObjects\Wall.h" />
    <ClInclude Include="src\Models\Level.h" />
    <ClInclude Include="src\Models\Updatables\CameraBeam.h" />
    <ClInclude Include="src\Models\Updatables\LightBeam.h" />
    <ClInclude Include="src\Models\Updatables\Player.h" />
    <ClInclude Include="src\Models\Updatables\Spike.h" />
    <ClInclude Include="src\Views\CreditsView.h" />
    <ClInclude Include="src\Views\FpsView.h" />
    <ClInclude Include="src\Views\GameOverLevelView.h" />
    <ClInclude Include="src\Views\GamePlaySpeedView.h" />
    <ClInclude Include="src\Views\HelpView.h" />
    <ClInclude Include="src\Views\HomeView.h" />
    <ClInclude Include="src\Views\HUDView.h" />
    <ClInclude Include="src\Views\LevelView.h" />
    <ClInclude Include="src\Views\PauseLevelView.h" />
    <ClInclude Include="src\Views\View.h" />
    <ClInclude Include="src\Views\WinLevelView.h" />
  </ItemGroup>
</Project>