
Microsoft Visual Studio Solution File, Format Version 12.00
# Visual Studio Version 16
VisualStudioVersion = 16.0.30413.136
MinimumVisualStudioVersion = 10.0.40219.1
Project("{2150E333-8FDC-42A3-9474-1A3956D46DE8}") = "Game", "Game", "{262DE418-5BE8-4E35-AA40-88FDB4470F90}"
EndProject
Project("{2150E333-8FDC-42A3-9474-1A3956D46DE8}") = "Engines", "Engines", "{A4B5B874-5CCA-488A-B5EB-A7ADC30F7304}"
EndProject
Project("{8BC9CEB8-8B4A-11D0-8D11-00A0C91BC942}") = "Graphics", "Engines\Graphics\Graphics.vcxproj", "{B9F248E4-0A24-4606-AF11-2A8D68AD03BE}"
EndProject
Project("{8BC9CEB8-8B4A-11D0-8D11-00A0C91BC942}") = "Audio", "Engines\Audio\Audio.vcxproj", "{214FF557-F9C3-476E-8979-86480ABADDB8}"
EndProject
Project("{8BC9CEB8-8B4A-11D0-8D11-00A0C91BC942}") = "Input", "Engines\Input\Input.vcxproj", "{D6E2CEC6-26C2-4190-8B18-D6A1F1CB11F1}"
EndProject
Project("{8BC9CEB8-8B4A-11D0-8D11-00A0C91BC942}") = "SandBox", "Game\SandBox\SandBox.vcxproj", "{C689BFF5-BE57-45DB-A754-AEE84E38F622}"
	ProjectSection(ProjectDependencies) = postProject
		{CB98692A-3702-4DF7-9A6E-B2CBB922B37E} = {CB98692A-3702-4DF7-9A6E-B2CBB922B37E}
		{214FF557-F9C3-476E-8979-86480ABADDB8} = {214FF557-F9C3-476E-8979-86480ABADDB8}
		{21433B94-4816-4CEA-B539-CAFD2D21DA7F} = {21433B94-4816-4CEA-B539-CAFD2D21DA7F}
		{D6E2CEC6-26C2-4190-8B18-D6A1F1CB11F1} = {D6E2CEC6-26C2-4190-8B18-D6A1F1CB11F1}
		{B9F248E4-0A24-4606-AF11-2A8D68AD03BE} = {B9F248E4-0A24-4606-AF11-2A8D68AD03BE}
	EndProjectSection
EndProject
Project("{8BC9CEB8-8B4A-11D0-8D11-00A0C91BC942}") = "Game", "Game\Game\Game.vcxproj", "{73F5CB99-F0F4-4C45-9870-06FA01CA60BE}"
	ProjectSection(ProjectDependencies) = postProject
		{CB98692A-3702-4DF7-9A6E-B2CBB922B37E} = {CB98692A-3702-4DF7-9A6E-B2CBB922B37E}
		{214FF557-F9C3-476E-8979-86480ABADDB8} = {214FF557-F9C3-476E-8979-86480ABADDB8}
		{21433B94-4816-4CEA-B539-CAFD2D21DA7F} = {21433B94-4816-4CEA-B539-CAFD2D21DA7F}
		{D6E2CEC6-26C2-4190-8B18-D6A1F1CB11F1} = {D6E2CEC6-26C2-4190-8B18-D6A1F1CB11F1}
		{B9F248E4-0A24-4606-AF11-2A8D68AD03BE} = {B9F248E4-0A24-4606-AF11-2A8D68AD03BE}
	EndProjectSection
EndProject
Project("{8BC9CEB8-8B4A-11D0-8D11-00A0C91BC942}") = "PhysicsCollision", "Engines\PhysicsCollision\PhysicsCollision.vcxproj", "{CB98692A-3702-4DF7-9A6E-B2CBB922B37E}"
EndProject
Project("{8BC9CEB8-8B4A-11D0-8D11-00A0C91BC942}") = "Utility", "Utility\Utility.vcxproj", "{21433B94-4816-4CEA-B539-CAFD2D21DA7F}"
EndProject
Project("{2150E333-8FDC-42A3-9474-1A3956D46DE8}") = "Tests", "Tests", "{1C90503F-4519-4846-93CE-CBA1ECE28E07}"
EndProject
Project("{8BC9CEB8-8B4A-11D0-8D11-00A0C91BC942}") = "EngineTests", "EngineTests\EngineTests.vcxproj", "{B0D5D4BD-5663-4A3B-B3B9-307E3AB129C8}"
EndProject
Project("{8BC9CEB8-8B4A-11D0-8D11-00A0C91BC942}") = "DocumentHandler", "DocumentHandler\DocumentHandler.vcxproj", "{30A4F351-F150-42C9-9855-98722BAA040D}"
EndProject
Global
	GlobalSection(SolutionConfigurationPlatforms) = preSolution
		Debug|x64 = Debug|x64
		Debug|x86 = Debug|x86
		Release|x64 = Release|x64
		Release|x86 = Release|x86
	EndGlobalSection
	GlobalSection(ProjectConfigurationPlatforms) = postSolution
		{B9F248E4-0A24-4606-AF11-2A8D68AD03BE}.Debug|x64.ActiveCfg = Debug|x64
		{B9F248E4-0A24-4606-AF11-2A8D68AD03BE}.Debug|x64.Build.0 = Debug|x64
		{B9F248E4-0A24-4606-AF11-2A8D68AD03BE}.Debug|x86.ActiveCfg = Debug|Win32
		{B9F248E4-0A24-4606-AF11-2A8D68AD03BE}.Debug|x86.Build.0 = Debug|Win32
		{B9F248E4-0A24-4606-AF11-2A8D68AD03BE}.Release|x64.ActiveCfg = Release|x64
		{B9F248E4-0A24-4606-AF11-2A8D68AD03BE}.Release|x64.Build.0 = Release|x64
		{B9F248E4-0A24-4606-AF11-2A8D68AD03BE}.Release|x86.ActiveCfg = Release|Win32
		{B9F248E4-0A24-4606-AF11-2A8D68AD03BE}.Release|x86.Build.0 = Release|Win32
		{214FF557-F9C3-476E-8979-86480ABADDB8}.Debug|x64.ActiveCfg = Debug|x64
		{214FF557-F9C3-476E-8979-86480ABADDB8}.Debug|x64.Build.0 = Debug|x64
		{214FF557-F9C3-476E-8979-86480ABADDB8}.Debug|x86.ActiveCfg = Debug|Win32
		{214FF557-F9C3-476E-8979-86480ABADDB8}.Debug|x86.Build.0 = Debug|Win32
		{214FF557-F9C3-476E-8979-86480ABADDB8}.Release|x64.ActiveCfg = Release|x64
		{214FF557-F9C3-476E-8979-86480ABADDB8}.Release|x64.Build.0 = Release|x64
		{214FF557-F9C3-476E-8979-86480ABADDB8}.Release|x86.ActiveCfg = Release|Win32
		{214FF557-F9C3-476E-8979-86480ABADDB8}.Release|x86.Build.0 = Release|Win32
		{D6E2CEC6-26C2-4190-8B18-D6A1F1CB11F1}.Debug|x64.ActiveCfg = Debug|x64
		{D6E2CEC6-26C2-4190-8B18-D6A1F1CB11F1}.Debug|x64.Build.0 = Debug|x64
		{D6E2CEC6-26C2-4190-8B18-D6A1F1CB11F1}.Debug|x86.ActiveCfg = Debug|Win32
		{D6E2CEC6-26C2-4190-8B18-D6A1F1CB11F1}.Debug|x86.Build.0 = Debug|Win32
		{D6E2CEC6-26C2-4190-8B18-D6A1F1CB11F1}.Release|x64.ActiveCfg = Release|x64
		{D6E2CEC6-26C2-4190-8B18-D6A1F1CB11F1}.Release|x64.Build.0 = Release|x64
		{D6E2CEC6-26C2-4190-8B18-D6A1F1CB11F1}.Release|x86.ActiveCfg = Release|Win32
		{D6E2CEC6-26C2-4190-8B18-D6A1F1CB11F1}.Release|x86.Build.0 = Release|Win32
		{C689BFF5-BE57-45DB-A754-AEE84E38F622}.Debug|x64.ActiveCfg = Debug|x64
		{C689BFF5-BE57-45DB-A754-AEE84E38F622}.Debug|x64.Build.0 = Debug|x64
		{C689BFF5-BE57-45DB-A754-AEE84E38F622}.Debug|x86.ActiveCfg = Debug|Win32
		{C689BFF5-BE57-45DB-A754-AEE84E38F622}.Debug|x86.Build.0 = Debug|Win32
		{C689BFF5-BE57-45DB-A754-AEE84E38F622}.Release|x64.ActiveCfg = Release|x64
		{C689BFF5-BE57-45DB-A754-AEE84E38F622}.Release|x64.Build.0 = Release|x64
		{C689BFF5-BE57-45DB-A754-AEE84E38F622}.Release|x86.ActiveCfg = Release|Win32
		{C689BFF5-BE57-45DB-A754-AEE84E38F622}.Release|x86.Build.0 = Release|Win32
		{73F5CB99-F0F4-4C45-9870-06FA01CA60BE}.Debug|x64.ActiveCfg = Debug|x64
		{73F5CB99-F0F4-4C45-9870-06FA01CA60BE}.Debug|x64.Build.0 = Debug|x64
		{73F5CB99-F0F4-4C45-9870-06FA01CA60BE}.Debug|x86.ActiveCfg = Debug|Win32
		{73F5CB99-F0F4-4C45-9870-06FA01CA60BE}.Debug|x86.Build.0 = Debug|Win32
		{73F5CB99-F0F4-4C45-9870-06FA01CA60BE}.Release|x64.ActiveCfg = Release|x64
		{73F5CB99-F0F4-4C45-9870-06FA01CA60BE}.Release|x64.Build.0 = Release|x64
		{73F5CB99-F0F4-4C45-9870-06FA01CA60BE}.Release|x86.ActiveCfg = Release|Win32
		{73F5CB99-F0F4-4C45-9870-06FA01CA60BE}.Release|x86.Build.0 = Release|Win32
		{CB98692A-3702-4DF7-9A6E-B2CBB922B37E}.Debug|x64.ActiveCfg = Debug|x64
		{CB98692A-3702-4DF7-9A6E-B2CBB922B37E}.Debug|x64.Build.0 = Debug|x64
		{CB98692A-3702-4DF7-9A6E-B2CBB922B37E}.Debug|x86.ActiveCfg = Debug|Win32
		{CB98692A-3702-4DF7-9A6E-B2CBB922B37E}.Debug|x86.Build.0 = Debug|Win32
		{CB98692A-3702-4DF7-9A6E-B2CBB922B37E}.Release|x64.ActiveCfg = Release|x64
		{CB98692A-3702-4DF7-9A6E-B2CBB922B37E}.Release|x64.Build.0 = Release|x64
		{CB98692A-3702-4DF7-9A6E-B2CBB922B37E}.Release|x86.ActiveCfg = Release|Win32
		{CB98692A-3702-4DF7-9A6E-B2CBB922B37E}.Release|x86.Build.0 = Release|Win32
		{21433B94-4816-4CEA-B539-CAFD2D21DA7F}.Debug|x64.ActiveCfg = Debug|x64
		{21433B94-4816-4CEA-B539-CAFD2D21DA7F}.Debug|x64.Build.0 = Debug|x64
		{21433B94-4816-4CEA-B539-CAFD2D21DA7F}.Debug|x86.ActiveCfg = Debug|Win32
		{21433B94-4816-4CEA-B539-CAFD2D21DA7F}.Debug|x86.Build.0 = Debug|Win32
		{21433B94-4816-4CEA-B539-CAFD2D21DA7F}.Release|x64.ActiveCfg = Release|x64
		{21433B94-4816-4CEA-B539-CAFD2D21DA7F}.Release|x64.Build.0 = Release|x64
		{21433B94-4816-4CEA-B539-CAFD2D21DA7F}.Release|x86.ActiveCfg = Release|Win32
		{21433B94-4816-4CEA-B539-CAFD2D21DA7F}.Release|x86.Build.0 = Release|Win32
		{B0D5D4BD-5663-4A3B-B3B9-307E3AB129C8}.Debug|x64.ActiveCfg = Debug|x64
		{B0D5D4BD-5663-4A3B-B3B9-307E3AB129C8}.Debug|x64.Build.0 = Debug|x64
		{B0D5D4BD-5663-4A3B-B3B9-307E3AB129C8}.Debug|x86.ActiveCfg = Debug|Win32
		{B0D5D4BD-5663-4A3B-B3B9-307E3AB129C8}.Debug|x86.Build.0 = Debug|Win32
		{B0D5D4BD-5663-4A3B-B3B9-307E3AB129C8}.Release|x64.ActiveCfg = Release|x64
		{B0D5D4BD-5663-4A3B-B3B9-307E3AB129C8}.Release|x64.Build.0 = Release|x64
		{B0D5D4BD-5663-4A3B-B3B9-307E3AB129C8}.Release|x86.ActiveCfg = Release|Win32
		{B0D5D4BD-5663-4A3B-B3B9-307E3AB129C8}.Release|x86.Build.0 = Release|Win32
		{30A4F351-F150-42C9-9855-98722BAA040D}.Debug|x64.ActiveCfg = Debug|x64
		{30A4F351-F150-42C9-9855-98722BAA040D}.Debug|x64.Build.0 = Debug|x64
		{30A4F351-F150-42C9-9855-98722BAA040D}.Debug|x86.ActiveCfg = Debug|Win32
		{30A4F351-F150-42C9-9855-98722BAA040D}.Debug|x86.Build.0 = Debug|Win32
		{30A4F351-F150-42C9-9855-98722BAA040D}.Release|x64.ActiveCfg = Release|x64
		{30A4F351-F150-42C9-9855-98722BAA040D}.Release|x64.Build.0 = Release|x64
		{30A4F351-F150-42C9-9855-98722BAA040D}.Release|x86.ActiveCfg = Release|Win32
		{30A4F351-F150-42C9-9855-98722BAA040D}.Release|x86.Build.0 = Release|Win32
	EndGlobalSection
	GlobalSection(SolutionProperties) = preSolution
		HideSolutionNode = FALSE
	EndGlobalSection
	GlobalSection(NestedProjects) = preSolution
		{B9F248E4-0A24-4606-AF11-2A8D68AD03BE} = {A4B5B874-5CCA-488A-B5EB-A7ADC30F7304}
		{214FF557-F9C3-476E-8979-86480ABADDB8} = {A4B5B874-5CCA-488A-B5EB-A7ADC30F7304}
		{D6E2CEC6-26C2-4190-8B18-D6A1F1CB11F1} = {A4B5B874-5CCA-488A-B5EB-A7ADC30F7304}
		{C689BFF5-BE57-45DB-A754-AEE84E38F622} = {262DE418-5BE8-4E35-AA40-88FDB4470F90}
		{73F5CB99-F0F4-4C45-9870-06FA01CA60BE} = {262DE418-5BE8-4E35-AA40-88FDB4470F90}
		{CB98692A-3702-4DF7-9A6E-B2CBB922B37E} = {A4B5B874-5CCA-488A-B5EB-A7ADC30F7304}
		{21433B94-4816-4CEA-B539-CAFD2D21DA7F} = {1C90503F-4519-4846-93CE-CBA1ECE28E07}
		{B0D5D4BD-5663-4A3B-B3B9-307E3AB129C8} = {1C90503F-4519-4846-93CE-CBA1ECE28E07}
	EndGlobalSection
	GlobalSection(ExtensibilityGlobals) = postSolution
		SolutionGuid = {A506836E-6C6B-4C78-94E1-C9226273F8CD}
	EndGlobalSection
EndGlobal
